// !$*UTF8*$!
{
	archiveVersion = 1;
	classes = {
	};
	objectVersion = 56;
	objects = {

/* Begin PBXBuildFile section */
		4C3DD3AE2C4F9B32005601BF /* usket_SSlashApp.swift in Sources */ = {isa = PBXBuildFile; fileRef = 4C3DD3AD2C4F9B32005601BF /* usket_SSlashApp.swift */; };
		4C3DD3B02C4F9B32005601BF /* ContentView.swift in Sources */ = {isa = PBXBuildFile; fileRef = 4C3DD3AF2C4F9B32005601BF /* ContentView.swift */; };
		4C3DD3B22C4F9B33005601BF /* Assets.xcassets in Resources */ = {isa = PBXBuildFile; fileRef = 4C3DD3B12C4F9B33005601BF /* Assets.xcassets */; };
		4C3DD3B62C4F9B33005601BF /* Preview Assets.xcassets in Resources */ = {isa = PBXBuildFile; fileRef = 4C3DD3B52C4F9B33005601BF /* Preview Assets.xcassets */; };
		4C3DD3C02C4F9B33005601BF /* usket_SSlashTests.swift in Sources */ = {isa = PBXBuildFile; fileRef = 4C3DD3BF2C4F9B33005601BF /* usket_SSlashTests.swift */; };
		4C3DD3CA2C4F9B33005601BF /* usket_SSlashUITests.swift in Sources */ = {isa = PBXBuildFile; fileRef = 4C3DD3C92C4F9B33005601BF /* usket_SSlashUITests.swift */; };
		4C3DD3CC2C4F9B33005601BF /* usket_SSlashUITestsLaunchTests.swift in Sources */ = {isa = PBXBuildFile; fileRef = 4C3DD3CB2C4F9B33005601BF /* usket_SSlashUITestsLaunchTests.swift */; };
/* End PBXBuildFile section */

/* Begin PBXContainerItemProxy section */
		4C3DD3BC2C4F9B33005601BF /* PBXContainerItemProxy */ = {
			isa = PBXContainerItemProxy;
			containerPortal = 4C3DD3A22C4F9B32005601BF /* Project object */;
			proxyType = 1;
			remoteGlobalIDString = 4C3DD3A92C4F9B32005601BF;
			remoteInfo = usket.SSlash;
		};
		4C3DD3C62C4F9B33005601BF /* PBXContainerItemProxy */ = {
			isa = PBXContainerItemProxy;
			containerPortal = 4C3DD3A22C4F9B32005601BF /* Project object */;
			proxyType = 1;
			remoteGlobalIDString = 4C3DD3A92C4F9B32005601BF;
			remoteInfo = usket.SSlash;
		};
/* End PBXContainerItemProxy section */

/* Begin PBXFileReference section */
		4C3DD3AA2C4F9B32005601BF /* usket.SSlash.app */ = {isa = PBXFileReference; explicitFileType = wrapper.application; includeInIndex = 0; path = usket.SSlash.app; sourceTree = BUILT_PRODUCTS_DIR; };
		4C3DD3AD2C4F9B32005601BF /* usket_SSlashApp.swift */ = {isa = PBXFileReference; lastKnownFileType = sourcecode.swift; path = usket_SSlashApp.swift; sourceTree = "<group>"; };
		4C3DD3AF2C4F9B32005601BF /* ContentView.swift */ = {isa = PBXFileReference; lastKnownFileType = sourcecode.swift; path = ContentView.swift; sourceTree = "<group>"; };
		4C3DD3B12C4F9B33005601BF /* Assets.xcassets */ = {isa = PBXFileReference; lastKnownFileType = folder.assetcatalog; path = Assets.xcassets; sourceTree = "<group>"; };
		4C3DD3B32C4F9B33005601BF /* usket_SSlash.entitlements */ = {isa = PBXFileReference; lastKnownFileType = text.plist.entitlements; path = usket_SSlash.entitlements; sourceTree = "<group>"; };
		4C3DD3B52C4F9B33005601BF /* Preview Assets.xcassets */ = {isa = PBXFileReference; lastKnownFileType = folder.assetcatalog; path = "Preview Assets.xcassets"; sourceTree = "<group>"; };
		4C3DD3BB2C4F9B33005601BF /* usket.SSlashTests.xctest */ = {isa = PBXFileReference; explicitFileType = wrapper.cfbundle; includeInIndex = 0; path = usket.SSlashTests.xctest; sourceTree = BUILT_PRODUCTS_DIR; };
		4C3DD3BF2C4F9B33005601BF /* usket_SSlashTests.swift */ = {isa = PBXFileReference; lastKnownFileType = sourcecode.swift; path = usket_SSlashTests.swift; sourceTree = "<group>"; };
		4C3DD3C52C4F9B33005601BF /* usket.SSlashUITests.xctest */ = {isa = PBXFileReference; explicitFileType = wrapper.cfbundle; includeInIndex = 0; path = usket.SSlashUITests.xctest; sourceTree = BUILT_PRODUCTS_DIR; };
		4C3DD3C92C4F9B33005601BF /* usket_SSlashUITests.swift */ = {isa = PBXFileReference; lastKnownFileType = sourcecode.swift; path = usket_SSlashUITests.swift; sourceTree = "<group>"; };
		4C3DD3CB2C4F9B33005601BF /* usket_SSlashUITestsLaunchTests.swift */ = {isa = PBXFileReference; lastKnownFileType = sourcecode.swift; path = usket_SSlashUITestsLaunchTests.swift; sourceTree = "<group>"; };
/* End PBXFileReference section */

/* Begin PBXFrameworksBuildPhase section */
		4C3DD3A72C4F9B32005601BF /* Frameworks */ = {
			isa = PBXFrameworksBuildPhase;
			buildActionMask = 2147483647;
			files = (
			);
			runOnlyForDeploymentPostprocessing = 0;
		};
		4C3DD3B82C4F9B33005601BF /* Frameworks */ = {
			isa = PBXFrameworksBuildPhase;
			buildActionMask = 2147483647;
			files = (
			);
			runOnlyForDeploymentPostprocessing = 0;
		};
		4C3DD3C22C4F9B33005601BF /* Frameworks */ = {
			isa = PBXFrameworksBuildPhase;
			buildActionMask = 2147483647;
			files = (
			);
			runOnlyForDeploymentPostprocessing = 0;
		};
/* End PBXFrameworksBuildPhase section */

/* Begin PBXGroup section */
		4C3DD3A12C4F9B32005601BF = {
			isa = PBXGroup;
			children = (
				4C3DD3AC2C4F9B32005601BF /* usket.SSlash */,
				4C3DD3BE2C4F9B33005601BF /* usket.SSlashTests */,
				4C3DD3C82C4F9B33005601BF /* usket.SSlashUITests */,
				4C3DD3AB2C4F9B32005601BF /* Products */,
			);
			sourceTree = "<group>";
		};
		4C3DD3AB2C4F9B32005601BF /* Products */ = {
			isa = PBXGroup;
			children = (
				4C3DD3AA2C4F9B32005601BF /* usket.SSlash.app */,
				4C3DD3BB2C4F9B33005601BF /* usket.SSlashTests.xctest */,
				4C3DD3C52C4F9B33005601BF /* usket.SSlashUITests.xctest */,
			);
			name = Products;
			sourceTree = "<group>";
		};
		4C3DD3AC2C4F9B32005601BF /* usket.SSlash */ = {
			isa = PBXGroup;
			children = (
				4C3DD3AD2C4F9B32005601BF /* usket_SSlashApp.swift */,
				4C3DD3AF2C4F9B32005601BF /* ContentView.swift */,
				4C3DD3B12C4F9B33005601BF /* Assets.xcassets */,
				4C3DD3B32C4F9B33005601BF /* usket_SSlash.entitlements */,
				4C3DD3B42C4F9B33005601BF /* Preview Content */,
			);
			path = usket.SSlash;
			sourceTree = "<group>";
		};
		4C3DD3B42C4F9B33005601BF /* Preview Content */ = {
			isa = PBXGroup;
			children = (
				4C3DD3B52C4F9B33005601BF /* Preview Assets.xcassets */,
			);
			path = "Preview Content";
			sourceTree = "<group>";
		};
		4C3DD3BE2C4F9B33005601BF /* usket.SSlashTests */ = {
			isa = PBXGroup;
			children = (
				4C3DD3BF2C4F9B33005601BF /* usket_SSlashTests.swift */,
			);
			path = usket.SSlashTests;
			sourceTree = "<group>";
		};
		4C3DD3C82C4F9B33005601BF /* usket.SSlashUITests */ = {
			isa = PBXGroup;
			children = (
				4C3DD3C92C4F9B33005601BF /* usket_SSlashUITests.swift */,
				4C3DD3CB2C4F9B33005601BF /* usket_SSlashUITestsLaunchTests.swift */,
			);
			path = usket.SSlashUITests;
			sourceTree = "<group>";
		};
/* End PBXGroup section */

/* Begin PBXNativeTarget section */
		4C3DD3A92C4F9B32005601BF /* usket.SSlash */ = {
			isa = PBXNativeTarget;
			buildConfigurationList = 4C3DD3CF2C4F9B33005601BF /* Build configuration list for PBXNativeTarget "usket.SSlash" */;
			buildPhases = (
				4C3DD3A62C4F9B32005601BF /* Sources */,
				4C3DD3A72C4F9B32005601BF /* Frameworks */,
				4C3DD3A82C4F9B32005601BF /* Resources */,
			);
			buildRules = (
			);
			dependencies = (
			);
			name = usket.SSlash;
			productName = usket.SSlash;
			productReference = 4C3DD3AA2C4F9B32005601BF /* usket.SSlash.app */;
			productType = "com.apple.product-type.application";
		};
		4C3DD3BA2C4F9B33005601BF /* usket.SSlashTests */ = {
			isa = PBXNativeTarget;
			buildConfigurationList = 4C3DD3D22C4F9B33005601BF /* Build configuration list for PBXNativeTarget "usket.SSlashTests" */;
			buildPhases = (
				4C3DD3B72C4F9B33005601BF /* Sources */,
				4C3DD3B82C4F9B33005601BF /* Frameworks */,
				4C3DD3B92C4F9B33005601BF /* Resources */,
			);
			buildRules = (
			);
			dependencies = (
				4C3DD3BD2C4F9B33005601BF /* PBXTargetDependency */,
			);
			name = usket.SSlashTests;
			productName = usket.SSlashTests;
			productReference = 4C3DD3BB2C4F9B33005601BF /* usket.SSlashTests.xctest */;
			productType = "com.apple.product-type.bundle.unit-test";
		};
		4C3DD3C42C4F9B33005601BF /* usket.SSlashUITests */ = {
			isa = PBXNativeTarget;
			buildConfigurationList = 4C3DD3D52C4F9B33005601BF /* Build configuration list for PBXNativeTarget "usket.SSlashUITests" */;
			buildPhases = (
				4C3DD3C12C4F9B33005601BF /* Sources */,
				4C3DD3C22C4F9B33005601BF /* Frameworks */,
				4C3DD3C32C4F9B33005601BF /* Resources */,
			);
			buildRules = (
			);
			dependencies = (
				4C3DD3C72C4F9B33005601BF /* PBXTargetDependency */,
			);
			name = usket.SSlashUITests;
			productName = usket.SSlashUITests;
			productReference = 4C3DD3C52C4F9B33005601BF /* usket.SSlashUITests.xctest */;
			productType = "com.apple.product-type.bundle.ui-testing";
		};
/* End PBXNativeTarget section */

/* Begin PBXProject section */
		4C3DD3A22C4F9B32005601BF /* Project object */ = {
			isa = PBXProject;
			attributes = {
				BuildIndependentTargetsInParallel = 1;
				LastSwiftUpdateCheck = 1540;
				LastUpgradeCheck = 1540;
				TargetAttributes = {
					4C3DD3A92C4F9B32005601BF = {
						CreatedOnToolsVersion = 15.4;
					};
					4C3DD3BA2C4F9B33005601BF = {
						CreatedOnToolsVersion = 15.4;
						TestTargetID = 4C3DD3A92C4F9B32005601BF;
					};
					4C3DD3C42C4F9B33005601BF = {
						CreatedOnToolsVersion = 15.4;
						TestTargetID = 4C3DD3A92C4F9B32005601BF;
					};
				};
			};
			buildConfigurationList = 4C3DD3A52C4F9B32005601BF /* Build configuration list for PBXProject "usket.SSlash" */;
			compatibilityVersion = "Xcode 14.0";
			developmentRegion = en;
			hasScannedForEncodings = 0;
			knownRegions = (
				en,
				Base,
			);
			mainGroup = 4C3DD3A12C4F9B32005601BF;
			productRefGroup = 4C3DD3AB2C4F9B32005601BF /* Products */;
			projectDirPath = "";
			projectRoot = "";
			targets = (
				4C3DD3A92C4F9B32005601BF /* usket.SSlash */,
				4C3DD3BA2C4F9B33005601BF /* usket.SSlashTests */,
				4C3DD3C42C4F9B33005601BF /* usket.SSlashUITests */,
			);
		};
/* End PBXProject section */

/* Begin PBXResourcesBuildPhase section */
		4C3DD3A82C4F9B32005601BF /* Resources */ = {
			isa = PBXResourcesBuildPhase;
			buildActionMask = 2147483647;
			files = (
				4C3DD3B62C4F9B33005601BF /* Preview Assets.xcassets in Resources */,
				4C3DD3B22C4F9B33005601BF /* Assets.xcassets in Resources */,
			);
			runOnlyForDeploymentPostprocessing = 0;
		};
		4C3DD3B92C4F9B33005601BF /* Resources */ = {
			isa = PBXResourcesBuildPhase;
			buildActionMask = 2147483647;
			files = (
			);
			runOnlyForDeploymentPostprocessing = 0;
		};
		4C3DD3C32C4F9B33005601BF /* Resources */ = {
			isa = PBXResourcesBuildPhase;
			buildActionMask = 2147483647;
			files = (
			);
			runOnlyForDeploymentPostprocessing = 0;
		};
/* End PBXResourcesBuildPhase section */

/* Begin PBXSourcesBuildPhase section */
		4C3DD3A62C4F9B32005601BF /* Sources */ = {
			isa = PBXSourcesBuildPhase;
			buildActionMask = 2147483647;
			files = (
				4C3DD3B02C4F9B32005601BF /* ContentView.swift in Sources */,
				4C3DD3AE2C4F9B32005601BF /* usket_SSlashApp.swift in Sources */,
			);
			runOnlyForDeploymentPostprocessing = 0;
		};
		4C3DD3B72C4F9B33005601BF /* Sources */ = {
			isa = PBXSourcesBuildPhase;
			buildActionMask = 2147483647;
			files = (
				4C3DD3C02C4F9B33005601BF /* usket_SSlashTests.swift in Sources */,
			);
			runOnlyForDeploymentPostprocessing = 0;
		};
		4C3DD3C12C4F9B33005601BF /* Sources */ = {
			isa = PBXSourcesBuildPhase;
			buildActionMask = 2147483647;
			files = (
				4C3DD3CA2C4F9B33005601BF /* usket_SSlashUITests.swift in Sources */,
				4C3DD3CC2C4F9B33005601BF /* usket_SSlashUITestsLaunchTests.swift in Sources */,
			);
			runOnlyForDeploymentPostprocessing = 0;
		};
/* End PBXSourcesBuildPhase section */

/* Begin PBXTargetDependency section */
		4C3DD3BD2C4F9B33005601BF /* PBXTargetDependency */ = {
			isa = PBXTargetDependency;
			target = 4C3DD3A92C4F9B32005601BF /* usket.SSlash */;
			targetProxy = 4C3DD3BC2C4F9B33005601BF /* PBXContainerItemProxy */;
		};
		4C3DD3C72C4F9B33005601BF /* PBXTargetDependency */ = {
			isa = PBXTargetDependency;
			target = 4C3DD3A92C4F9B32005601BF /* usket.SSlash */;
			targetProxy = 4C3DD3C62C4F9B33005601BF /* PBXContainerItemProxy */;
		};
/* End PBXTargetDependency section */

/* Begin XCBuildConfiguration section */
		4C3DD3CD2C4F9B33005601BF /* Debug */ = {
			isa = XCBuildConfiguration;
			buildSettings = {
				ALWAYS_SEARCH_USER_PATHS = NO;
				ASSETCATALOG_COMPILER_GENERATE_SWIFT_ASSET_SYMBOL_EXTENSIONS = YES;
				CLANG_ANALYZER_NONNULL = YES;
				CLANG_ANALYZER_NUMBER_OBJECT_CONVERSION = YES_AGGRESSIVE;
				CLANG_CXX_LANGUAGE_STANDARD = "gnu++20";
				CLANG_ENABLE_MODULES = YES;
				CLANG_ENABLE_OBJC_ARC = YES;
				CLANG_ENABLE_OBJC_WEAK = YES;
				CLANG_WARN_BLOCK_CAPTURE_AUTORELEASING = YES;
				CLANG_WARN_BOOL_CONVERSION = YES;
				CLANG_WARN_COMMA = YES;
				CLANG_WARN_CONSTANT_CONVERSION = YES;
				CLANG_WARN_DEPRECATED_OBJC_IMPLEMENTATIONS = YES;
				CLANG_WARN_DIRECT_OBJC_ISA_USAGE = YES_ERROR;
				CLANG_WARN_DOCUMENTATION_COMMENTS = YES;
				CLANG_WARN_EMPTY_BODY = YES;
				CLANG_WARN_ENUM_CONVERSION = YES;
				CLANG_WARN_INFINITE_RECURSION = YES;
				CLANG_WARN_INT_CONVERSION = YES;
				CLANG_WARN_NON_LITERAL_NULL_CONVERSION = YES;
				CLANG_WARN_OBJC_IMPLICIT_RETAIN_SELF = YES;
				CLANG_WARN_OBJC_LITERAL_CONVERSION = YES;
				CLANG_WARN_OBJC_ROOT_CLASS = YES_ERROR;
				CLANG_WARN_QUOTED_INCLUDE_IN_FRAMEWORK_HEADER = YES;
				CLANG_WARN_RANGE_LOOP_ANALYSIS = YES;
				CLANG_WARN_STRICT_PROTOTYPES = YES;
				CLANG_WARN_SUSPICIOUS_MOVE = YES;
				CLANG_WARN_UNGUARDED_AVAILABILITY = YES_AGGRESSIVE;
				CLANG_WARN_UNREACHABLE_CODE = YES;
				CLANG_WARN__DUPLICATE_METHOD_MATCH = YES;
				COPY_PHASE_STRIP = NO;
				DEBUG_INFORMATION_FORMAT = dwarf;
				ENABLE_STRICT_OBJC_MSGSEND = YES;
				ENABLE_TESTABILITY = YES;
				ENABLE_USER_SCRIPT_SANDBOXING = YES;
				GCC_C_LANGUAGE_STANDARD = gnu17;
				GCC_DYNAMIC_NO_PIC = NO;
				GCC_NO_COMMON_BLOCKS = YES;
				GCC_OPTIMIZATION_LEVEL = 0;
				GCC_PREPROCESSOR_DEFINITIONS = (
					"DEBUG=1",
					"$(inherited)",
				);
				GCC_WARN_64_TO_32_BIT_CONVERSION = YES;
				GCC_WARN_ABOUT_RETURN_TYPE = YES_ERROR;
				GCC_WARN_UNDECLARED_SELECTOR = YES;
				GCC_WARN_UNINITIALIZED_AUTOS = YES_AGGRESSIVE;
				GCC_WARN_UNUSED_FUNCTION = YES;
				GCC_WARN_UNUSED_VARIABLE = YES;
				LOCALIZATION_PREFERS_STRING_CATALOGS = YES;
				MTL_ENABLE_DEBUG_INFO = INCLUDE_SOURCE;
				MTL_FAST_MATH = YES;
				ONLY_ACTIVE_ARCH = YES;
				SWIFT_ACTIVE_COMPILATION_CONDITIONS = "DEBUG $(inherited)";
				SWIFT_OPTIMIZATION_LEVEL = "-Onone";
			};
			name = Debug;
		};
		4C3DD3CE2C4F9B33005601BF /* Release */ = {
			isa = XCBuildConfiguration;
			buildSettings = {
				ALWAYS_SEARCH_USER_PATHS = NO;
				ASSETCATALOG_COMPILER_GENERATE_SWIFT_ASSET_SYMBOL_EXTENSIONS = YES;
				CLANG_ANALYZER_NONNULL = YES;
				CLANG_ANALYZER_NUMBER_OBJECT_CONVERSION = YES_AGGRESSIVE;
				CLANG_CXX_LANGUAGE_STANDARD = "gnu++20";
				CLANG_ENABLE_MODULES = YES;
				CLANG_ENABLE_OBJC_ARC = YES;
				CLANG_ENABLE_OBJC_WEAK = YES;
				CLANG_WARN_BLOCK_CAPTURE_AUTORELEASING = YES;
				CLANG_WARN_BOOL_CONVERSION = YES;
				CLANG_WARN_COMMA = YES;
				CLANG_WARN_CONSTANT_CONVERSION = YES;
				CLANG_WARN_DEPRECATED_OBJC_IMPLEMENTATIONS = YES;
				CLANG_WARN_DIRECT_OBJC_ISA_USAGE = YES_ERROR;
				CLANG_WARN_DOCUMENTATION_COMMENTS = YES;
				CLANG_WARN_EMPTY_BODY = YES;
				CLANG_WARN_ENUM_CONVERSION = YES;
				CLANG_WARN_INFINITE_RECURSION = YES;
				CLANG_WARN_INT_CONVERSION = YES;
				CLANG_WARN_NON_LITERAL_NULL_CONVERSION = YES;
				CLANG_WARN_OBJC_IMPLICIT_RETAIN_SELF = YES;
				CLANG_WARN_OBJC_LITERAL_CONVERSION = YES;
				CLANG_WARN_OBJC_ROOT_CLASS = YES_ERROR;
				CLANG_WARN_QUOTED_INCLUDE_IN_FRAMEWORK_HEADER = YES;
				CLANG_WARN_RANGE_LOOP_ANALYSIS = YES;
				CLANG_WARN_STRICT_PROTOTYPES = YES;
				CLANG_WARN_SUSPICIOUS_MOVE = YES;
				CLANG_WARN_UNGUARDED_AVAILABILITY = YES_AGGRESSIVE;
				CLANG_WARN_UNREACHABLE_CODE = YES;
				CLANG_WARN__DUPLICATE_METHOD_MATCH = YES;
				COPY_PHASE_STRIP = NO;
				DEBUG_INFORMATION_FORMAT = "dwarf-with-dsym";
				ENABLE_NS_ASSERTIONS = NO;
				ENABLE_STRICT_OBJC_MSGSEND = YES;
				ENABLE_USER_SCRIPT_SANDBOXING = YES;
				GCC_C_LANGUAGE_STANDARD = gnu17;
				GCC_NO_COMMON_BLOCKS = YES;
				GCC_WARN_64_TO_32_BIT_CONVERSION = YES;
				GCC_WARN_ABOUT_RETURN_TYPE = YES_ERROR;
				GCC_WARN_UNDECLARED_SELECTOR = YES;
				GCC_WARN_UNINITIALIZED_AUTOS = YES_AGGRESSIVE;
				GCC_WARN_UNUSED_FUNCTION = YES;
				GCC_WARN_UNUSED_VARIABLE = YES;
				LOCALIZATION_PREFERS_STRING_CATALOGS = YES;
				MTL_ENABLE_DEBUG_INFO = NO;
				MTL_FAST_MATH = YES;
				SWIFT_COMPILATION_MODE = wholemodule;
			};
			name = Release;
		};
		4C3DD3D02C4F9B33005601BF /* Debug */ = {
			isa = XCBuildConfiguration;
			buildSettings = {
				ASSETCATALOG_COMPILER_APPICON_NAME = AppIcon;
				ASSETCATALOG_COMPILER_GLOBAL_ACCENT_COLOR_NAME = AccentColor;
				CODE_SIGN_ENTITLEMENTS = usket.SSlash/usket_SSlash.entitlements;
				CODE_SIGN_STYLE = Automatic;
				CURRENT_PROJECT_VERSION = 1;
				DEVELOPMENT_ASSET_PATHS = "\"usket.SSlash/Preview Content\"";
				DEVELOPMENT_TEAM = 46QF7GBZH7;
				ENABLE_HARDENED_RUNTIME = YES;
				ENABLE_PREVIEWS = YES;
				GENERATE_INFOPLIST_FILE = YES;
				"INFOPLIST_KEY_UIApplicationSceneManifest_Generation[sdk=iphoneos*]" = YES;
				"INFOPLIST_KEY_UIApplicationSceneManifest_Generation[sdk=iphonesimulator*]" = YES;
				"INFOPLIST_KEY_UIApplicationSupportsIndirectInputEvents[sdk=iphoneos*]" = YES;
				"INFOPLIST_KEY_UIApplicationSupportsIndirectInputEvents[sdk=iphonesimulator*]" = YES;
				"INFOPLIST_KEY_UILaunchScreen_Generation[sdk=iphoneos*]" = YES;
				"INFOPLIST_KEY_UILaunchScreen_Generation[sdk=iphonesimulator*]" = YES;
				"INFOPLIST_KEY_UIStatusBarStyle[sdk=iphoneos*]" = UIStatusBarStyleDefault;
				"INFOPLIST_KEY_UIStatusBarStyle[sdk=iphonesimulator*]" = UIStatusBarStyleDefault;
				INFOPLIST_KEY_UISupportedInterfaceOrientations_iPad = "UIInterfaceOrientationPortrait UIInterfaceOrientationPortraitUpsideDown UIInterfaceOrientationLandscapeLeft UIInterfaceOrientationLandscapeRight";
				INFOPLIST_KEY_UISupportedInterfaceOrientations_iPhone = "UIInterfaceOrientationPortrait UIInterfaceOrientationLandscapeLeft UIInterfaceOrientationLandscapeRight";
				IPHONEOS_DEPLOYMENT_TARGET = 17.5;
				LD_RUNPATH_SEARCH_PATHS = "@executable_path/Frameworks";
				"LD_RUNPATH_SEARCH_PATHS[sdk=macosx*]" = "@executable_path/../Frameworks";
				MACOSX_DEPLOYMENT_TARGET = 14.3;
				MARKETING_VERSION = 1.0;
				PRODUCT_BUNDLE_IDENTIFIER = "usket.usket-SSlash";
				PRODUCT_NAME = "$(TARGET_NAME)";
				SDKROOT = auto;
				SUPPORTED_PLATFORMS = "iphoneos iphonesimulator macosx";
				SWIFT_EMIT_LOC_STRINGS = YES;
				SWIFT_VERSION = 5.0;
				TARGETED_DEVICE_FAMILY = "1,2";
			};
			name = Debug;
		};
		4C3DD3D12C4F9B33005601BF /* Release */ = {
			isa = XCBuildConfiguration;
			buildSettings = {
				ASSETCATALOG_COMPILER_APPICON_NAME = AppIcon;
				ASSETCATALOG_COMPILER_GLOBAL_ACCENT_COLOR_NAME = AccentColor;
				CODE_SIGN_ENTITLEMENTS = usket.SSlash/usket_SSlash.entitlements;
				CODE_SIGN_STYLE = Automatic;
				CURRENT_PROJECT_VERSION = 1;
				DEVELOPMENT_ASSET_PATHS = "\"usket.SSlash/Preview Content\"";
				DEVELOPMENT_TEAM = 46QF7GBZH7;
				ENABLE_HARDENED_RUNTIME = YES;
				ENABLE_PREVIEWS = YES;
				GENERATE_INFOPLIST_FILE = YES;
				"INFOPLIST_KEY_UIApplicationSceneManifest_Generation[sdk=iphoneos*]" = YES;
				"INFOPLIST_KEY_UIApplicationSceneManifest_Generation[sdk=iphonesimulator*]" = YES;
				"INFOPLIST_KEY_UIApplicationSupportsIndirectInputEvents[sdk=iphoneos*]" = YES;
				"INFOPLIST_KEY_UIApplicationSupportsIndirectInputEvents[sdk=iphonesimulator*]" = YES;
				"INFOPLIST_KEY_UILaunchScreen_Generation[sdk=iphoneos*]" = YES;
				"INFOPLIST_KEY_UILaunchScreen_Generation[sdk=iphonesimulator*]" = YES;
				"INFOPLIST_KEY_UIStatusBarStyle[sdk=iphoneos*]" = UIStatusBarStyleDefault;
				"INFOPLIST_KEY_UIStatusBarStyle[sdk=iphonesimulator*]" = UIStatusBarStyleDefault;
				INFOPLIST_KEY_UISupportedInterfaceOrientations_iPad = "UIInterfaceOrientationPortrait UIInterfaceOrientationPortraitUpsideDown UIInterfaceOrientationLandscapeLeft UIInterfaceOrientationLandscapeRight";
				INFOPLIST_KEY_UISupportedInterfaceOrientations_iPhone = "UIInterfaceOrientationPortrait UIInterfaceOrientationLandscapeLeft UIInterfaceOrientationLandscapeRight";
				IPHONEOS_DEPLOYMENT_TARGET = 17.5;
				LD_RUNPATH_SEARCH_PATHS = "@executable_path/Frameworks";
				"LD_RUNPATH_SEARCH_PATHS[sdk=macosx*]" = "@executable_path/../Frameworks";
				MACOSX_DEPLOYMENT_TARGET = 14.3;
				MARKETING_VERSION = 1.0;
				PRODUCT_BUNDLE_IDENTIFIER = "usket.usket-SSlash";
				PRODUCT_NAME = "$(TARGET_NAME)";
				SDKROOT = auto;
				SUPPORTED_PLATFORMS = "iphoneos iphonesimulator macosx";
				SWIFT_EMIT_LOC_STRINGS = YES;
				SWIFT_VERSION = 5.0;
				TARGETED_DEVICE_FAMILY = "1,2";
			};
			name = Release;
		};
		4C3DD3D32C4F9B33005601BF /* Debug */ = {
			isa = XCBuildConfiguration;
			buildSettings = {
				ALWAYS_EMBED_SWIFT_STANDARD_LIBRARIES = YES;
				BUNDLE_LOADER = "$(TEST_HOST)";
				CODE_SIGN_STYLE = Automatic;
				CURRENT_PROJECT_VERSION = 1;
				DEVELOPMENT_TEAM = 46QF7GBZH7;
				GENERATE_INFOPLIST_FILE = YES;
				IPHONEOS_DEPLOYMENT_TARGET = 17.5;
				MACOSX_DEPLOYMENT_TARGET = 14.3;
				MARKETING_VERSION = 1.0;
				PRODUCT_BUNDLE_IDENTIFIER = "usket.usket-SSlashTests";
				PRODUCT_NAME = "$(TARGET_NAME)";
				SDKROOT = auto;
				SUPPORTED_PLATFORMS = "iphoneos iphonesimulator macosx";
				SWIFT_EMIT_LOC_STRINGS = NO;
				SWIFT_VERSION = 5.0;
				TARGETED_DEVICE_FAMILY = "1,2";
				TEST_HOST = "$(BUILT_PRODUCTS_DIR)/usket.SSlash.app/$(BUNDLE_EXECUTABLE_FOLDER_PATH)/usket.SSlash";
			};
			name = Debug;
		};
		4C3DD3D42C4F9B33005601BF /* Release */ = {
			isa = XCBuildConfiguration;
			buildSettings = {
				ALWAYS_EMBED_SWIFT_STANDARD_LIBRARIES = YES;
				BUNDLE_LOADER = "$(TEST_HOST)";
				CODE_SIGN_STYLE = Automatic;
				CURRENT_PROJECT_VERSION = 1;
				DEVELOPMENT_TEAM = 46QF7GBZH7;
				GENERATE_INFOPLIST_FILE = YES;
				IPHONEOS_DEPLOYMENT_TARGET = 17.5;
				MACOSX_DEPLOYMENT_TARGET = 14.3;
				MARKETING_VERSION = 1.0;
				PRODUCT_BUNDLE_IDENTIFIER = "usket.usket-SSlashTests";
				PRODUCT_NAME = "$(TARGET_NAME)";
				SDKROOT = auto;
				SUPPORTED_PLATFORMS = "iphoneos iphonesimulator macosx";
				SWIFT_EMIT_LOC_STRINGS = NO;
				SWIFT_VERSION = 5.0;
				TARGETED_DEVICE_FAMILY = "1,2";
				TEST_HOST = "$(BUILT_PRODUCTS_DIR)/usket.SSlash.app/$(BUNDLE_EXECUTABLE_FOLDER_PATH)/usket.SSlash";
			};
			name = Release;
		};
		4C3DD3D62C4F9B33005601BF /* Debug */ = {
			isa = XCBuildConfiguration;
			buildSettings = {
				ALWAYS_EMBED_SWIFT_STANDARD_LIBRARIES = YES;
				CODE_SIGN_STYLE = Automatic;
				CURRENT_PROJECT_VERSION = 1;
				DEVELOPMENT_TEAM = 46QF7GBZH7;
				GENERATE_INFOPLIST_FILE = YES;
				IPHONEOS_DEPLOYMENT_TARGET = 17.5;
				MACOSX_DEPLOYMENT_TARGET = 14.3;
				MARKETING_VERSION = 1.0;
				PRODUCT_BUNDLE_IDENTIFIER = "usket.usket-SSlashUITests";
				PRODUCT_NAME = "$(TARGET_NAME)";
				SDKROOT = auto;
				SUPPORTED_PLATFORMS = "iphoneos iphonesimulator macosx";
				SWIFT_EMIT_LOC_STRINGS = NO;
				SWIFT_VERSION = 5.0;
				TARGETED_DEVICE_FAMILY = "1,2";
				TEST_TARGET_NAME = usket.SSlash;
			};
			name = Debug;
		};
		4C3DD3D72C4F9B33005601BF /* Release */ = {
			isa = XCBuildConfiguration;
			buildSettings = {
				ALWAYS_EMBED_SWIFT_STANDARD_LIBRARIES = YES;
				CODE_SIGN_STYLE = Automatic;
				CURRENT_PROJECT_VERSION = 1;
				DEVELOPMENT_TEAM = 46QF7GBZH7;
				GENERATE_INFOPLIST_FILE = YES;
				IPHONEOS_DEPLOYMENT_TARGET = 17.5;
				MACOSX_DEPLOYMENT_TARGET = 14.3;
				MARKETING_VERSION = 1.0;
				PRODUCT_BUNDLE_IDENTIFIER = "usket.usket-SSlashUITests";
				PRODUCT_NAME = "$(TARGET_NAME)";
				SDKROOT = auto;
				SUPPORTED_PLATFORMS = "iphoneos iphonesimulator macosx";
				SWIFT_EMIT_LOC_STRINGS = NO;
				SWIFT_VERSION = 5.0;
				TARGETED_DEVICE_FAMILY = "1,2";
				TEST_TARGET_NAME = usket.SSlash;
			};
			name = Release;
		};
/* End XCBuildConfiguration section */

/* Begin XCConfigurationList section */
		4C3DD3A52C4F9B32005601BF /* Build configuration list for PBXProject "usket.SSlash" */ = {
			isa = XCConfigurationList;
			buildConfigurations = (
				4C3DD3CD2C4F9B33005601BF /* Debug */,
				4C3DD3CE2C4F9B33005601BF /* Release */,
			);
			defaultConfigurationIsVisible = 0;
			defaultConfigurationName = Release;
		};
		4C3DD3CF2C4F9B33005601BF /* Build configuration list for PBXNativeTarget "usket.SSlash" */ = {
			isa = XCConfigurationList;
			buildConfigurations = (
				4C3DD3D02C4F9B33005601BF /* Debug */,
				4C3DD3D12C4F9B33005601BF /* Release */,
			);
			defaultConfigurationIsVisible = 0;
			defaultConfigurationName = Release;
		};
		4C3DD3D22C4F9B33005601BF /* Build configuration list for PBXNativeTarget "usket.SSlashTests" */ = {
			isa = XCConfigurationList;
			buildConfigurations = (
				4C3DD3D32C4F9B33005601BF /* Debug */,
				4C3DD3D42C4F9B33005601BF /* Release */,
			);
			defaultConfigurationIsVisible = 0;
			defaultConfigurationName = Release;
		};
		4C3DD3D52C4F9B33005601BF /* Build configuration list for PBXNativeTarget "usket.SSlashUITests" */ = {
			isa = XCConfigurationList;
			buildConfigurations = (
				4C3DD3D62C4F9B33005601BF /* Debug */,
				4C3DD3D72C4F9B33005601BF /* Release */,
			);
			defaultConfigurationIsVisible = 0;
			defaultConfigurationName = Release;
		};
/* End XCConfigurationList section */
	};
	rootObject = 4C3DD3A22C4F9B32005601BF /* Project object */;
}
